
Microsoft Visual Studio Solution File, Format Version 12.00
# Visual Studio 2013
VisualStudioVersion = 12.0.21005.1
MinimumVisualStudioVersion = 10.0.40219.1
Project("{FAE04EC0-301F-11D3-BF4B-00C04F79EFBC}") = "StudentSys.DAL", "StudentSys.DLL\StudentSys.DAL.csproj", "{F967D50B-733E-462D-8CDB-CCDF3DA0700F}"
EndProject
Project("{FAE04EC0-301F-11D3-BF4B-00C04F79EFBC}") = "StudentSys.BLL", "StudentSys.BLL\StudentSys.BLL.csproj", "{D569F0B3-01F9-4527-A654-861A3883940C}"
EndProject
Project("{FAE04EC0-301F-11D3-BF4B-00C04F79EFBC}") = "StudentSys.UI", "StudentSys.UI\StudentSys.UI.csproj", "{D31C5EB3-FBB6-42CC-A9AE-B6DD797A6D99}"
EndProject
Project("{FAE04EC0-301F-11D3-BF4B-00C04F79EFBC}") = "StudentSys.Common", "StudentSys.Common\StudentSys.Common.csproj", "{B5C8C074-3D1F-4C89-A4D9-7E6BD1D3DBCA}"
EndProject
Project("{FAE04EC0-301F-11D3-BF4B-00C04F79EFBC}") = "StudentSys.Model", "StudentSys.Model\StudentSys.Model.csproj", "{E1F058E3-C98A-4D93-BD6E-82087207CE7C}"
EndProject
Global
	GlobalSection(SolutionConfigurationPlatforms) = preSolution
		Debug|Any CPU = Debug|Any CPU
		Release|Any CPU = Release|Any CPU
	EndGlobalSection
	GlobalSection(ProjectConfigurationPlatforms) = postSolution
		{F967D50B-733E-462D-8CDB-CCDF3DA0700F}.Debug|Any CPU.ActiveCfg = Debug|Any CPU
		{F967D50B-733E-462D-8CDB-CCDF3DA0700F}.Debug|Any CPU.Build.0 = Debug|Any CPU
		{F967D50B-733E-462D-8CDB-CCDF3DA0700F}.Release|Any CPU.ActiveCfg = Release|Any CPU
		{F967D50B-733E-462D-8CDB-CCDF3DA0700F}.Release|Any CPU.Build.0 = Release|Any CPU
		{D569F0B3-01F9-4527-A654-861A3883940C}.Debug|Any CPU.ActiveCfg = Debug|Any CPU
		{D569F0B3-01F9-4527-A654-861A3883940C}.Debug|Any CPU.Build.0 = Debug|Any CPU
		{D569F0B3-01F9-4527-A654-861A3883940C}.Release|Any CPU.ActiveCfg = Release|Any CPU
		{D569F0B3-01F9-4527-A654-861A3883940C}.Release|Any CPU.Build.0 = Release|Any CPU
		{D31C5EB3-FBB6-42CC-A9AE-B6DD797A6D99}.Debug|Any CPU.ActiveCfg = Debug|Any CPU
		{D31C5EB3-FBB6-42CC-A9AE-B6DD797A6D99}.Debug|Any CPU.Build.0 = Debug|Any CPU
		{D31C5EB3-FBB6-42CC-A9AE-B6DD797A6D99}.Release|Any CPU.ActiveCfg = Release|Any CPU
		{D31C5EB3-FBB6-42CC-A9AE-B6DD797A6D99}.Release|Any CPU.Build.0 = Release|Any CPU
		{B5C8C074-3D1F-4C89-A4D9-7E6BD1D3DBCA}.Debug|Any CPU.ActiveCfg = Debug|Any CPU
		{B5C8C074-3D1F-4C89-A4D9-7E6BD1D3DBCA}.Debug|Any CPU.Build.0 = Debug|Any CPU
		{B5C8C074-3D1F-4C89-A4D9-7E6BD1D3DBCA}.Release|Any CPU.ActiveCfg = Release|Any CPU
		{B5C8C074-3D1F-4C89-A4D9-7E6BD1D3DBCA}.Release|Any CPU.Build.0 = Release|Any CPU
		{E1F058E3-C98A-4D93-BD6E-82087207CE7C}.Debug|Any CPU.ActiveCfg = Debug|Any CPU
		{E1F058E3-C98A-4D93-BD6E-82087207CE7C}.Debug|Any CPU.Build.0 = Debug|Any CPU
		{E1F058E3-C98A-4D93-BD6E-82087207CE7C}.Release|Any CPU.ActiveCfg = Release|Any CPU
		{E1F058E3-C98A-4D93-BD6E-82087207CE7C}.Release|Any CPU.Build.0 = Release|Any CPU
	EndGlobalSection
	GlobalSection(SolutionProperties) = preSolution
		HideSolutionNode = FALSE
	EndGlobalSection
EndGlobal
